# This file was autogenerated by Stack.
# You should not edit this file by hand.
# For more information, please see the documentation at:
#   https://docs.haskellstack.org/en/stable/lock_files

packages:
- completed:
    hackage: MemoTrie-0.6.11@sha256:edda47de940a047237c395a85ac3216db6d25888002293853d7eebd01beb5da6,1516
    pantry-tree:
      sha256: 38df5299ea29682697353800ff19a014c0b92ac436d939d1b62755f764a1b40f
      size: 274
  original:
    hackage: MemoTrie-0.6.11
snapshots:
- completed:
    sha256: e63b43d506918278d05cd1448bd19352ab2faa9b8e9d64ce527b56f1a7fba149
    size: 650255
    url: https://raw.githubusercontent.com/commercialhaskell/stackage-snapshots/master/lts/20/25.yaml
  original: lts-20.25
